// !$*UTF8*$!
{
	archiveVersion = 1;
	classes = {
	};
	objectVersion = 77;
	objects = {

/* Begin PBXBuildFile section */
		5309CE022DFDF3BD00D76BEF /* FirebaseAnalytics in Frameworks */ = {isa = PBXBuildFile; productRef = 5309CE012DFDF3BD00D76BEF /* FirebaseAnalytics */; };
		5309CE042DFDF3BD00D76BEF /* FirebaseAuth in Frameworks */ = {isa = PBXBuildFile; productRef = 5309CE032DFDF3BD00D76BEF /* FirebaseAuth */; };
		5309CE062DFDF3BD00D76BEF /* FirebaseFirestore in Frameworks */ = {isa = PBXBuildFile; productRef = 5309CE052DFDF3BD00D76BEF /* FirebaseFirestore */; };
		5309CE082DFDF3BD00D76BEF /* FirebaseStorage in Frameworks */ = {isa = PBXBuildFile; productRef = 5309CE072DFDF3BD00D76BEF /* FirebaseStorage */; };
/* End PBXBuildFile section */

/* Begin PBXContainerItemProxy section */
		531ACF4A2DFD1794003CB9AE /* PBXContainerItemProxy */ = {
			isa = PBXContainerItemProxy;
			containerPortal = 531ACF342DFD1792003CB9AE /* Project object */;
			proxyType = 1;
			remoteGlobalIDString = 531ACF3B2DFD1792003CB9AE;
			remoteInfo = coffe_cat;
		};
		531ACF542DFD1794003CB9AE /* PBXContainerItemProxy */ = {
			isa = PBXContainerItemProxy;
			containerPortal = 531ACF342DFD1792003CB9AE /* Project object */;
			proxyType = 1;
			remoteGlobalIDString = 531ACF3B2DFD1792003CB9AE;
			remoteInfo = coffe_cat;
		};
/* End PBXContainerItemProxy section */

/* Begin PBXFileReference section */
		531ACF3C2DFD1792003CB9AE /* coffe_cat.app */ = {isa = PBXFileReference; explicitFileType = wrapper.application; includeInIndex = 0; path = coffe_cat.app; sourceTree = BUILT_PRODUCTS_DIR; };
		531ACF492DFD1794003CB9AE /* coffe_catTests.xctest */ = {isa = PBXFileReference; explicitFileType = wrapper.cfbundle; includeInIndex = 0; path = coffe_catTests.xctest; sourceTree = BUILT_PRODUCTS_DIR; };
		531ACF532DFD1794003CB9AE /* coffe_catUITests.xctest */ = {isa = PBXFileReference; explicitFileType = wrapper.cfbundle; includeInIndex = 0; path = coffe_catUITests.xctest; sourceTree = BUILT_PRODUCTS_DIR; };
/* End PBXFileReference section */

/* Begin PBXFileSystemSynchronizedRootGroup section */
		531ACF3E2DFD1792003CB9AE /* coffe_cat */ = {
			isa = PBXFileSystemSynchronizedRootGroup;
			path = coffe_cat;
			sourceTree = "<group>";
		};
		531ACF4C2DFD1794003CB9AE /* coffe_catTests */ = {
			isa = PBXFileSystemSynchronizedRootGroup;
			path = coffe_catTests;
			sourceTree = "<group>";
		};
		531ACF562DFD1794003CB9AE /* coffe_catUITests */ = {
			isa = PBXFileSystemSynchronizedRootGroup;
			path = coffe_catUITests;
			sourceTree = "<group>";
		};
/* End PBXFileSystemSynchronizedRootGroup section */

/* Begin PBXFrameworksBuildPhase section */
		531ACF392DFD1792003CB9AE /* Frameworks */ = {
			isa = PBXFrameworksBuildPhase;
			buildActionMask = 2147483647;
			files = (
				5309CE022DFDF3BD00D76BEF /* FirebaseAnalytics in Frameworks */,
				5309CE082DFDF3BD00D76BEF /* FirebaseStorage in Frameworks */,
				5309CE042DFDF3BD00D76BEF /* FirebaseAuth in Frameworks */,
				5309CE062DFDF3BD00D76BEF /* FirebaseFirestore in Frameworks */,
			);
			runOnlyForDeploymentPostprocessing = 0;
		};
		531ACF462DFD1794003CB9AE /* Frameworks */ = {
			isa = PBXFrameworksBuildPhase;
			buildActionMask = 2147483647;
			files = (
			);
			runOnlyForDeploymentPostprocessing = 0;
		};
		531ACF502DFD1794003CB9AE /* Frameworks */ = {
			isa = PBXFrameworksBuildPhase;
			buildActionMask = 2147483647;
			files = (
			);
			runOnlyForDeploymentPostprocessing = 0;
		};
/* End PBXFrameworksBuildPhase section */

/* Begin PBXGroup section */
		531ACF332DFD1792003CB9AE = {
			isa = PBXGroup;
			children = (
				531ACF3E2DFD1792003CB9AE /* coffe_cat */,
				531ACF4C2DFD1794003CB9AE /* coffe_catTests */,
				531ACF562DFD1794003CB9AE /* coffe_catUITests */,
				531ACF3D2DFD1792003CB9AE /* Products */,
			);
			sourceTree = "<group>";
		};
		531ACF3D2DFD1792003CB9AE /* Products */ = {
			isa = PBXGroup;
			children = (
				531ACF3C2DFD1792003CB9AE /* coffe_cat.app */,
				531ACF492DFD1794003CB9AE /* coffe_catTests.xctest */,
				531ACF532DFD1794003CB9AE /* coffe_catUITests.xctest */,
			);
			name = Products;
			sourceTree = "<group>";
		};
/* End PBXGroup section */

/* Begin PBXNativeTarget section */
		531ACF3B2DFD1792003CB9AE /* coffe_cat */ = {
			isa = PBXNativeTarget;
			buildConfigurationList = 531ACF5D2DFD1794003CB9AE /* Build configuration list for PBXNativeTarget "coffe_cat" */;
			buildPhases = (
				531ACF382DFD1792003CB9AE /* Sources */,
				531ACF392DFD1792003CB9AE /* Frameworks */,
				531ACF3A2DFD1792003CB9AE /* Resources */,
			);
			buildRules = (
			);
			dependencies = (
			);
			fileSystemSynchronizedGroups = (
				531ACF3E2DFD1792003CB9AE /* coffe_cat */,
			);
			name = coffe_cat;
			packageProductDependencies = (
				5309CE012DFDF3BD00D76BEF /* FirebaseAnalytics */,
				5309CE032DFDF3BD00D76BEF /* FirebaseAuth */,
				5309CE052DFDF3BD00D76BEF /* FirebaseFirestore */,
				5309CE072DFDF3BD00D76BEF /* FirebaseStorage */,
			);
			productName = coffe_cat;
			productReference = 531ACF3C2DFD1792003CB9AE /* coffe_cat.app */;
			productType = "com.apple.product-type.application";
		};
		531ACF482DFD1794003CB9AE /* coffe_catTests */ = {
			isa = PBXNativeTarget;
			buildConfigurationList = 531ACF602DFD1794003CB9AE /* Build configuration list for PBXNativeTarget "coffe_catTests" */;
			buildPhases = (
				531ACF452DFD1794003CB9AE /* Sources */,
				531ACF462DFD1794003CB9AE /* Frameworks */,
				531ACF472DFD1794003CB9AE /* Resources */,
			);
			buildRules = (
			);
			dependencies = (
				531ACF4B2DFD1794003CB9AE /* PBXTargetDependency */,
			);
			fileSystemSynchronizedGroups = (
				531ACF4C2DFD1794003CB9AE /* coffe_catTests */,
			);
			name = coffe_catTests;
			packageProductDependencies = (
			);
			productName = coffe_catTests;
			productReference = 531ACF492DFD1794003CB9AE /* coffe_catTests.xctest */;
			productType = "com.apple.product-type.bundle.unit-test";
		};
		531ACF522DFD1794003CB9AE /* coffe_catUITests */ = {
			isa = PBXNativeTarget;
			buildConfigurationList = 531ACF632DFD1794003CB9AE /* Build configuration list for PBXNativeTarget "coffe_catUITests" */;
			buildPhases = (
				531ACF4F2DFD1794003CB9AE /* Sources */,
				531ACF502DFD1794003CB9AE /* Frameworks */,
				531ACF512DFD1794003CB9AE /* Resources */,
			);
			buildRules = (
			);
			dependencies = (
				531ACF552DFD1794003CB9AE /* PBXTargetDependency */,
			);
			fileSystemSynchronizedGroups = (
				531ACF562DFD1794003CB9AE /* coffe_catUITests */,
			);
			name = coffe_catUITests;
			packageProductDependencies = (
			);
			productName = coffe_catUITests;
			productReference = 531ACF532DFD1794003CB9AE /* coffe_catUITests.xctest */;
			productType = "com.apple.product-type.bundle.ui-testing";
		};
/* End PBXNativeTarget section */

/* Begin PBXProject section */
		531ACF342DFD1792003CB9AE /* Project object */ = {
			isa = PBXProject;
			attributes = {
				BuildIndependentTargetsInParallel = 1;
				LastSwiftUpdateCheck = 1640;
				LastUpgradeCheck = 1640;
				TargetAttributes = {
					531ACF3B2DFD1792003CB9AE = {
						CreatedOnToolsVersion = 16.4;
					};
					531ACF482DFD1794003CB9AE = {
						CreatedOnToolsVersion = 16.4;
						TestTargetID = 531ACF3B2DFD1792003CB9AE;
					};
					531ACF522DFD1794003CB9AE = {
						CreatedOnToolsVersion = 16.4;
						TestTargetID = 531ACF3B2DFD1792003CB9AE;
					};
				};
			};
			buildConfigurationList = 531ACF372DFD1792003CB9AE /* Build configuration list for PBXProject "coffe_cat" */;
			developmentRegion = en;
			hasScannedForEncodings = 0;
			knownRegions = (
				en,
				Base,
			);
			mainGroup = 531ACF332DFD1792003CB9AE;
			minimizedProjectReferenceProxies = 1;
			packageReferences = (
				5309CE002DFDF3BD00D76BEF /* XCRemoteSwiftPackageReference "firebase-ios-sdk" */,
			);
			preferredProjectObjectVersion = 77;
			productRefGroup = 531ACF3D2DFD1792003CB9AE /* Products */;
			projectDirPath = "";
			projectRoot = "";
			targets = (
				531ACF3B2DFD1792003CB9AE /* coffe_cat */,
				531ACF482DFD1794003CB9AE /* coffe_catTests */,
				531ACF522DFD1794003CB9AE /* coffe_catUITests */,
			);
		};
/* End PBXProject section */

/* Begin PBXResourcesBuildPhase section */
		531ACF3A2DFD1792003CB9AE /* Resources */ = {
			isa = PBXResourcesBuildPhase;
			buildActionMask = 2147483647;
			files = (
			);
			runOnlyForDeploymentPostprocessing = 0;
		};
		531ACF472DFD1794003CB9AE /* Resources */ = {
			isa = PBXResourcesBuildPhase;
			buildActionMask = 2147483647;
			files = (
			);
			runOnlyForDeploymentPostprocessing = 0;
		};
		531ACF512DFD1794003CB9AE /* Resources */ = {
			isa = PBXResourcesBuildPhase;
			buildActionMask = 2147483647;
			files = (
			);
			runOnlyForDeploymentPostprocessing = 0;
		};
/* End PBXResourcesBuildPhase section */

/* Begin PBXSourcesBuildPhase section */
		531ACF382DFD1792003CB9AE /* Sources */ = {
			isa = PBXSourcesBuildPhase;
			buildActionMask = 2147483647;
			files = (
			);
			runOnlyForDeploymentPostprocessing = 0;
		};
		531ACF452DFD1794003CB9AE /* Sources */ = {
			isa = PBXSourcesBuildPhase;
			buildActionMask = 2147483647;
			files = (
			);
			runOnlyForDeploymentPostprocessing = 0;
		};
		531ACF4F2DFD1794003CB9AE /* Sources */ = {
			isa = PBXSourcesBuildPhase;
			buildActionMask = 2147483647;
			files = (
			);
			runOnlyForDeploymentPostprocessing = 0;
		};
/* End PBXSourcesBuildPhase section */

/* Begin PBXTargetDependency section */
		531ACF4B2DFD1794003CB9AE /* PBXTargetDependency */ = {
			isa = PBXTargetDependency;
			target = 531ACF3B2DFD1792003CB9AE /* coffe_cat */;
			targetProxy = 531ACF4A2DFD1794003CB9AE /* PBXContainerItemProxy */;
		};
		531ACF552DFD1794003CB9AE /* PBXTargetDependency */ = {
			isa = PBXTargetDependency;
			target = 531ACF3B2DFD1792003CB9AE /* coffe_cat */;
			targetProxy = 531ACF542DFD1794003CB9AE /* PBXContainerItemProxy */;
		};
/* End PBXTargetDependency section */

/* Begin XCBuildConfiguration section */
		531ACF5B2DFD1794003CB9AE /* Debug */ = {
			isa = XCBuildConfiguration;
			buildSettings = {
				ALWAYS_SEARCH_USER_PATHS = NO;
				ASSETCATALOG_COMPILER_GENERATE_SWIFT_ASSET_SYMBOL_EXTENSIONS = YES;
				CLANG_ANALYZER_NONNULL = YES;
				CLANG_ANALYZER_NUMBER_OBJECT_CONVERSION = YES_AGGRESSIVE;
				CLANG_CXX_LANGUAGE_STANDARD = "gnu++20";
				CLANG_ENABLE_MODULES = YES;
				CLANG_ENABLE_OBJC_ARC = YES;
				CLANG_ENABLE_OBJC_WEAK = YES;
				CLANG_WARN_BLOCK_CAPTURE_AUTORELEASING = YES;
				CLANG_WARN_BOOL_CONVERSION = YES;
				CLANG_WARN_COMMA = YES;
				CLANG_WARN_CONSTANT_CONVERSION = YES;
				CLANG_WARN_DEPRECATED_OBJC_IMPLEMENTATIONS = YES;
				CLANG_WARN_DIRECT_OBJC_ISA_USAGE = YES_ERROR;
				CLANG_WARN_DOCUMENTATION_COMMENTS = YES;
				CLANG_WARN_EMPTY_BODY = YES;
				CLANG_WARN_ENUM_CONVERSION = YES;
				CLANG_WARN_INFINITE_RECURSION = YES;
				CLANG_WARN_INT_CONVERSION = YES;
				CLANG_WARN_NON_LITERAL_NULL_CONVERSION = YES;
				CLANG_WARN_OBJC_IMPLICIT_RETAIN_SELF = YES;
				CLANG_WARN_OBJC_LITERAL_CONVERSION = YES;
				CLANG_WARN_OBJC_ROOT_CLASS = YES_ERROR;
				CLANG_WARN_QUOTED_INCLUDE_IN_FRAMEWORK_HEADER = YES;
				CLANG_WARN_RANGE_LOOP_ANALYSIS = YES;
				CLANG_WARN_STRICT_PROTOTYPES = YES;
				CLANG_WARN_SUSPICIOUS_MOVE = YES;
				CLANG_WARN_UNGUARDED_AVAILABILITY = YES_AGGRESSIVE;
				CLANG_WARN_UNREACHABLE_CODE = YES;
				CLANG_WARN__DUPLICATE_METHOD_MATCH = YES;
				COPY_PHASE_STRIP = NO;
				DEBUG_INFORMATION_FORMAT = dwarf;
				DEVELOPMENT_TEAM = FVC5WLM6A8;
				ENABLE_STRICT_OBJC_MSGSEND = YES;
				ENABLE_TESTABILITY = YES;
				ENABLE_USER_SCRIPT_SANDBOXING = YES;
				GCC_C_LANGUAGE_STANDARD = gnu17;
				GCC_DYNAMIC_NO_PIC = NO;
				GCC_NO_COMMON_BLOCKS = YES;
				GCC_OPTIMIZATION_LEVEL = 0;
				GCC_PREPROCESSOR_DEFINITIONS = (
					"DEBUG=1",
					"$(inherited)",
				);
				GCC_WARN_64_TO_32_BIT_CONVERSION = YES;
				GCC_WARN_ABOUT_RETURN_TYPE = YES_ERROR;
				GCC_WARN_UNDECLARED_SELECTOR = YES;
				GCC_WARN_UNINITIALIZED_AUTOS = YES_AGGRESSIVE;
				GCC_WARN_UNUSED_FUNCTION = YES;
				GCC_WARN_UNUSED_VARIABLE = YES;
				IPHONEOS_DEPLOYMENT_TARGET = 18.5;
				LOCALIZATION_PREFERS_STRING_CATALOGS = YES;
				MTL_ENABLE_DEBUG_INFO = INCLUDE_SOURCE;
				MTL_FAST_MATH = YES;
				ONLY_ACTIVE_ARCH = YES;
				SDKROOT = iphoneos;
				SWIFT_ACTIVE_COMPILATION_CONDITIONS = "DEBUG $(inherited)";
				SWIFT_OPTIMIZATION_LEVEL = "-Onone";
			};
			name = Debug;
		};
		531ACF5C2DFD1794003CB9AE /* Release */ = {
			isa = XCBuildConfiguration;
			buildSettings = {
				ALWAYS_SEARCH_USER_PATHS = NO;
				ASSETCATALOG_COMPILER_GENERATE_SWIFT_ASSET_SYMBOL_EXTENSIONS = YES;
				CLANG_ANALYZER_NONNULL = YES;
				CLANG_ANALYZER_NUMBER_OBJECT_CONVERSION = YES_AGGRESSIVE;
				CLANG_CXX_LANGUAGE_STANDARD = "gnu++20";
				CLANG_ENABLE_MODULES = YES;
				CLANG_ENABLE_OBJC_ARC = YES;
				CLANG_ENABLE_OBJC_WEAK = YES;
				CLANG_WARN_BLOCK_CAPTURE_AUTORELEASING = YES;
				CLANG_WARN_BOOL_CONVERSION = YES;
				CLANG_WARN_COMMA = YES;
				CLANG_WARN_CONSTANT_CONVERSION = YES;
				CLANG_WARN_DEPRECATED_OBJC_IMPLEMENTATIONS = YES;
				CLANG_WARN_DIRECT_OBJC_ISA_USAGE = YES_ERROR;
				CLANG_WARN_DOCUMENTATION_COMMENTS = YES;
				CLANG_WARN_EMPTY_BODY = YES;
				CLANG_WARN_ENUM_CONVERSION = YES;
				CLANG_WARN_INFINITE_RECURSION = YES;
				CLANG_WARN_INT_CONVERSION = YES;
				CLANG_WARN_NON_LITERAL_NULL_CONVERSION = YES;
				CLANG_WARN_OBJC_IMPLICIT_RETAIN_SELF = YES;
				CLANG_WARN_OBJC_LITERAL_CONVERSION = YES;
				CLANG_WARN_OBJC_ROOT_CLASS = YES_ERROR;
				CLANG_WARN_QUOTED_INCLUDE_IN_FRAMEWORK_HEADER = YES;
				CLANG_WARN_RANGE_LOOP_ANALYSIS = YES;
				CLANG_WARN_STRICT_PROTOTYPES = YES;
				CLANG_WARN_SUSPICIOUS_MOVE = YES;
				CLANG_WARN_UNGUARDED_AVAILABILITY = YES_AGGRESSIVE;
				CLANG_WARN_UNREACHABLE_CODE = YES;
				CLANG_WARN__DUPLICATE_METHOD_MATCH = YES;
				COPY_PHASE_STRIP = NO;
				DEBUG_INFORMATION_FORMAT = "dwarf-with-dsym";
				DEVELOPMENT_TEAM = FVC5WLM6A8;
				ENABLE_NS_ASSERTIONS = NO;
				ENABLE_STRICT_OBJC_MSGSEND = YES;
				ENABLE_USER_SCRIPT_SANDBOXING = YES;
				GCC_C_LANGUAGE_STANDARD = gnu17;
				GCC_NO_COMMON_BLOCKS = YES;
				GCC_WARN_64_TO_32_BIT_CONVERSION = YES;
				GCC_WARN_ABOUT_RETURN_TYPE = YES_ERROR;
				GCC_WARN_UNDECLARED_SELECTOR = YES;
				GCC_WARN_UNINITIALIZED_AUTOS = YES_AGGRESSIVE;
				GCC_WARN_UNUSED_FUNCTION = YES;
				GCC_WARN_UNUSED_VARIABLE = YES;
				IPHONEOS_DEPLOYMENT_TARGET = 18.5;
				LOCALIZATION_PREFERS_STRING_CATALOGS = YES;
				MTL_ENABLE_DEBUG_INFO = NO;
				MTL_FAST_MATH = YES;
				SDKROOT = iphoneos;
				SWIFT_COMPILATION_MODE = wholemodule;
				VALIDATE_PRODUCT = YES;
			};
			name = Release;
		};
		531ACF5E2DFD1794003CB9AE /* Debug */ = {
			isa = XCBuildConfiguration;
			buildSettings = {
				ASSETCATALOG_COMPILER_APPICON_NAME = AppIcon;
				ASSETCATALOG_COMPILER_GLOBAL_ACCENT_COLOR_NAME = AccentColor;
				CODE_SIGN_STYLE = Automatic;
				CURRENT_PROJECT_VERSION = 1;
				DEVELOPMENT_TEAM = FVC5WLM6A8;
				ENABLE_PREVIEWS = YES;
				GENERATE_INFOPLIST_FILE = YES;
				INFOPLIST_FILE = "coffe-cat-Info.plist";
				INFOPLIST_KEY_UIApplicationSceneManifest_Generation = YES;
				INFOPLIST_KEY_UIApplicationSupportsIndirectInputEvents = YES;
				INFOPLIST_KEY_UILaunchScreen_Generation = YES;
				INFOPLIST_KEY_UISupportedInterfaceOrientations_iPad = "UIInterfaceOrientationPortrait UIInterfaceOrientationPortraitUpsideDown UIInterfaceOrientationLandscapeLeft UIInterfaceOrientationLandscapeRight";
				INFOPLIST_KEY_UISupportedInterfaceOrientations_iPhone = "UIInterfaceOrientationPortrait UIInterfaceOrientationLandscapeLeft UIInterfaceOrientationLandscapeRight";
				LD_RUNPATH_SEARCH_PATHS = (
					"$(inherited)",
					"@executable_path/Frameworks",
				);
				MARKETING_VERSION = 1.0;
				PRODUCT_BUNDLE_IDENTIFIER = "app.coffe-cat";
				PRODUCT_NAME = "$(TARGET_NAME)";
				SWIFT_EMIT_LOC_STRINGS = YES;
				SWIFT_VERSION = 5.0;
				TARGETED_DEVICE_FAMILY = "1,2";
			};
			name = Debug;
		};
		531ACF5F2DFD1794003CB9AE /* Release */ = {
			isa = XCBuildConfiguration;
			buildSettings = {
				ASSETCATALOG_COMPILER_APPICON_NAME = AppIcon;
				ASSETCATALOG_COMPILER_GLOBAL_ACCENT_COLOR_NAME = AccentColor;
				CODE_SIGN_STYLE = Automatic;
				CURRENT_PROJECT_VERSION = 1;
				DEVELOPMENT_TEAM = FVC5WLM6A8;
				ENABLE_PREVIEWS = YES;
				GENERATE_INFOPLIST_FILE = YES;
				INFOPLIST_FILE = "coffe-cat-Info.plist";
				INFOPLIST_KEY_UIApplicationSceneManifest_Generation = YES;
				INFOPLIST_KEY_UIApplicationSupportsIndirectInputEvents = YES;
				INFOPLIST_KEY_UILaunchScreen_Generation = YES;
				INFOPLIST_KEY_UISupportedInterfaceOrientations_iPad = "UIInterfaceOrientationPortrait UIInterfaceOrientationPortraitUpsideDown UIInterfaceOrientationLandscapeLeft UIInterfaceOrientationLandscapeRight";
				INFOPLIST_KEY_UISupportedInterfaceOrientations_iPhone = "UIInterfaceOrientationPortrait UIInterfaceOrientationLandscapeLeft UIInterfaceOrientationLandscapeRight";
				LD_RUNPATH_SEARCH_PATHS = (
					"$(inherited)",
					"@executable_path/Frameworks",
				);
				MARKETING_VERSION = 1.0;
				PRODUCT_BUNDLE_IDENTIFIER = "app.coffe-cat";
				PRODUCT_NAME = "$(TARGET_NAME)";
				SWIFT_EMIT_LOC_STRINGS = YES;
				SWIFT_VERSION = 5.0;
				TARGETED_DEVICE_FAMILY = "1,2";
			};
			name = Release;
		};
		531ACF612DFD1794003CB9AE /* Debug */ = {
			isa = XCBuildConfiguration;
			buildSettings = {
				BUNDLE_LOADER = "$(TEST_HOST)";
				CODE_SIGN_STYLE = Automatic;
				CURRENT_PROJECT_VERSION = 1;
				DEVELOPMENT_TEAM = FVC5WLM6A8;
				GENERATE_INFOPLIST_FILE = YES;
				IPHONEOS_DEPLOYMENT_TARGET = 18.5;
				MARKETING_VERSION = 1.0;
				PRODUCT_BUNDLE_IDENTIFIER = "app.coffe-catTests";
				PRODUCT_NAME = "$(TARGET_NAME)";
				SWIFT_EMIT_LOC_STRINGS = NO;
				SWIFT_VERSION = 5.0;
				TARGETED_DEVICE_FAMILY = "1,2";
				TEST_HOST = "$(BUILT_PRODUCTS_DIR)/coffe_cat.app/$(BUNDLE_EXECUTABLE_FOLDER_PATH)/coffe_cat";
			};
			name = Debug;
		};
		531ACF622DFD1794003CB9AE /* Release */ = {
			isa = XCBuildConfiguration;
			buildSettings = {
				BUNDLE_LOADER = "$(TEST_HOST)";
				CODE_SIGN_STYLE = Automatic;
				CURRENT_PROJECT_VERSION = 1;
				DEVELOPMENT_TEAM = FVC5WLM6A8;
				GENERATE_INFOPLIST_FILE = YES;
				IPHONEOS_DEPLOYMENT_TARGET = 18.5;
				MARKETING_VERSION = 1.0;
				PRODUCT_BUNDLE_IDENTIFIER = "app.coffe-catTests";
				PRODUCT_NAME = "$(TARGET_NAME)";
				SWIFT_EMIT_LOC_STRINGS = NO;
				SWIFT_VERSION = 5.0;
				TARGETED_DEVICE_FAMILY = "1,2";
				TEST_HOST = "$(BUILT_PRODUCTS_DIR)/coffe_cat.app/$(BUNDLE_EXECUTABLE_FOLDER_PATH)/coffe_cat";
			};
			name = Release;
		};
		531ACF642DFD1794003CB9AE /* Debug */ = {
			isa = XCBuildConfiguration;
			buildSettings = {
				CODE_SIGN_STYLE = Automatic;
				CURRENT_PROJECT_VERSION = 1;
				DEVELOPMENT_TEAM = FVC5WLM6A8;
				GENERATE_INFOPLIST_FILE = YES;
				MARKETING_VERSION = 1.0;
				PRODUCT_BUNDLE_IDENTIFIER = "app.coffe-catUITests";
				PRODUCT_NAME = "$(TARGET_NAME)";
				SWIFT_EMIT_LOC_STRINGS = NO;
				SWIFT_VERSION = 5.0;
				TARGETED_DEVICE_FAMILY = "1,2";
				TEST_TARGET_NAME = coffe_cat;
			};
			name = Debug;
		};
		531ACF652DFD1794003CB9AE /* Release */ = {
			isa = XCBuildConfiguration;
			buildSettings = {
				CODE_SIGN_STYLE = Automatic;
				CURRENT_PROJECT_VERSION = 1;
				DEVELOPMENT_TEAM = FVC5WLM6A8;
				GENERATE_INFOPLIST_FILE = YES;
				MARKETING_VERSION = 1.0;
				PRODUCT_BUNDLE_IDENTIFIER = "app.coffe-catUITests";
				PRODUCT_NAME = "$(TARGET_NAME)";
				SWIFT_EMIT_LOC_STRINGS = NO;
				SWIFT_VERSION = 5.0;
				TARGETED_DEVICE_FAMILY = "1,2";
				TEST_TARGET_NAME = coffe_cat;
			};
			name = Release;
		};
/* End XCBuildConfiguration section */

/* Begin XCConfigurationList section */
		531ACF372DFD1792003CB9AE /* Build configuration list for PBXProject "coffe_cat" */ = {
			isa = XCConfigurationList;
			buildConfigurations = (
				531ACF5B2DFD1794003CB9AE /* Debug */,
				531ACF5C2DFD1794003CB9AE /* Release */,
			);
			defaultConfigurationIsVisible = 0;
			defaultConfigurationName = Release;
		};
		531ACF5D2DFD1794003CB9AE /* Build configuration list for PBXNativeTarget "coffe_cat" */ = {
			isa = XCConfigurationList;
			buildConfigurations = (
				531ACF5E2DFD1794003CB9AE /* Debug */,
				531ACF5F2DFD1794003CB9AE /* Release */,
			);
			defaultConfigurationIsVisible = 0;
			defaultConfigurationName = Release;
		};
		531ACF602DFD1794003CB9AE /* Build configuration list for PBXNativeTarget "coffe_catTests" */ = {
			isa = XCConfigurationList;
			buildConfigurations = (
				531ACF612DFD1794003CB9AE /* Debug */,
				531ACF622DFD1794003CB9AE /* Release */,
			);
			defaultConfigurationIsVisible = 0;
			defaultConfigurationName = Release;
		};
		531ACF632DFD1794003CB9AE /* Build configuration list for PBXNativeTarget "coffe_catUITests" */ = {
			isa = XCConfigurationList;
			buildConfigurations = (
				531ACF642DFD1794003CB9AE /* Debug */,
				531ACF652DFD1794003CB9AE /* Release */,
			);
			defaultConfigurationIsVisible = 0;
			defaultConfigurationName = Release;
		};
/* End XCConfigurationList section */

/* Begin XCRemoteSwiftPackageReference section */
		5309CE002DFDF3BD00D76BEF /* XCRemoteSwiftPackageReference "firebase-ios-sdk" */ = {
			isa = XCRemoteSwiftPackageReference;
			repositoryURL = "https://github.com/firebase/firebase-ios-sdk";
			requirement = {
				kind = upToNextMajorVersion;
				minimumVersion = 11.14.0;
			};
		};
/* End XCRemoteSwiftPackageReference section */

/* Begin XCSwiftPackageProductDependency section */
		5309CE012DFDF3BD00D76BEF /* FirebaseAnalytics */ = {
			isa = XCSwiftPackageProductDependency;
			package = 5309CE002DFDF3BD00D76BEF /* XCRemoteSwiftPackageReference "firebase-ios-sdk" */;
			productName = FirebaseAnalytics;
		};
		5309CE032DFDF3BD00D76BEF /* FirebaseAuth */ = {
			isa = XCSwiftPackageProductDependency;
			package = 5309CE002DFDF3BD00D76BEF /* XCRemoteSwiftPackageReference "firebase-ios-sdk" */;
			productName = FirebaseAuth;
		};
		5309CE052DFDF3BD00D76BEF /* FirebaseFirestore */ = {
			isa = XCSwiftPackageProductDependency;
			package = 5309CE002DFDF3BD00D76BEF /* XCRemoteSwiftPackageReference "firebase-ios-sdk" */;
			productName = FirebaseFirestore;
		};
		5309CE072DFDF3BD00D76BEF /* FirebaseStorage */ = {
			isa = XCSwiftPackageProductDependency;
			package = 5309CE002DFDF3BD00D76BEF /* XCRemoteSwiftPackageReference "firebase-ios-sdk" */;
			productName = FirebaseStorage;
		};
/* End XCSwiftPackageProductDependency section */
	};
	rootObject = 531ACF342DFD1792003CB9AE /* Project object */;
}
